
Microsoft Visual Studio Solution File, Format Version 12.00
# Visual Studio Version 17
VisualStudioVersion = 17.0.31912.275
MinimumVisualStudioVersion = 10.0.40219.1
Project("{FAE04EC0-301F-11D3-BF4B-00C04F79EFBC}") = "Presentacion", "Presentacion\Presentacion.csproj", "{9B9B8B17-3218-448A-893D-D85812B0C031}"
EndProject
Project("{FAE04EC0-301F-11D3-BF4B-00C04F79EFBC}") = "Entidades", "Entidades\Entidades.csproj", "{11AEEB65-F9CF-486F-99F2-0F2F6E06FF78}"
EndProject
Project("{FAE04EC0-301F-11D3-BF4B-00C04F79EFBC}") = "Logica", "Logica\Logica.csproj", "{7D5B5B51-A5BB-4A51-8359-7FBAC77B732A}"
EndProject
Global
	GlobalSection(SolutionConfigurationPlatforms) = preSolution
		Debug|Any CPU = Debug|Any CPU
		Release|Any CPU = Release|Any CPU
	EndGlobalSection
	GlobalSection(ProjectConfigurationPlatforms) = postSolution
		{9B9B8B17-3218-448A-893D-D85812B0C031}.Debug|Any CPU.ActiveCfg = Debug|Any CPU
		{9B9B8B17-3218-448A-893D-D85812B0C031}.Debug|Any CPU.Build.0 = Debug|Any CPU
		{9B9B8B17-3218-448A-893D-D85812B0C031}.Release|Any CPU.ActiveCfg = Release|Any CPU
		{9B9B8B17-3218-448A-893D-D85812B0C031}.Release|Any CPU.Build.0 = Release|Any CPU
		{11AEEB65-F9CF-486F-99F2-0F2F6E06FF78}.Debug|Any CPU.ActiveCfg = Debug|Any CPU
		{11AEEB65-F9CF-486F-99F2-0F2F6E06FF78}.Debug|Any CPU.Build.0 = Debug|Any CPU
		{11AEEB65-F9CF-486F-99F2-0F2F6E06FF78}.Release|Any CPU.ActiveCfg = Release|Any CPU
		{11AEEB65-F9CF-486F-99F2-0F2F6E06FF78}.Release|Any CPU.Build.0 = Release|Any CPU
		{7D5B5B51-A5BB-4A51-8359-7FBAC77B732A}.Debug|Any CPU.ActiveCfg = Debug|Any CPU
		{7D5B5B51-A5BB-4A51-8359-7FBAC77B732A}.Debug|Any CPU.Build.0 = Debug|Any CPU
		{7D5B5B51-A5BB-4A51-8359-7FBAC77B732A}.Release|Any CPU.ActiveCfg = Release|Any CPU
		{7D5B5B51-A5BB-4A51-8359-7FBAC77B732A}.Release|Any CPU.Build.0 = Release|Any CPU
	EndGlobalSection
	GlobalSection(SolutionProperties) = preSolution
		HideSolutionNode = FALSE
	EndGlobalSection
	GlobalSection(ExtensibilityGlobals) = postSolution
		SolutionGuid = {EC292EC0-2D9C-446B-8381-A360AD605CF8}
	EndGlobalSection
EndGlobal
